// !$*UTF8*$!
{
	archiveVersion = 1;
	classes = {
	};
	objectVersion = 48;
	objects = {

/* Begin PBXBuildFile section */
		841792D72041731B001015C4 /* scrollView.swift in Sources */ = {isa = PBXBuildFile; fileRef = 841792D62041731B001015C4 /* scrollView.swift */; };
		841792D92041732F001015C4 /* Scroll.xib in Resources */ = {isa = PBXBuildFile; fileRef = 841792D82041732F001015C4 /* Scroll.xib */; };
		848B463F204160FD0059FA67 /* AppDelegate.swift in Sources */ = {isa = PBXBuildFile; fileRef = 848B463E204160FD0059FA67 /* AppDelegate.swift */; };
		848B4641204160FD0059FA67 /* ViewController.swift in Sources */ = {isa = PBXBuildFile; fileRef = 848B4640204160FD0059FA67 /* ViewController.swift */; };
		848B4644204160FD0059FA67 /* Main.storyboard in Resources */ = {isa = PBXBuildFile; fileRef = 848B4642204160FD0059FA67 /* Main.storyboard */; };
		848B4646204160FD0059FA67 /* Assets.xcassets in Resources */ = {isa = PBXBuildFile; fileRef = 848B4645204160FD0059FA67 /* Assets.xcassets */; };
		848B4649204160FD0059FA67 /* LaunchScreen.storyboard in Resources */ = {isa = PBXBuildFile; fileRef = 848B4647204160FD0059FA67 /* LaunchScreen.storyboard */; };
		848B4654204160FE0059FA67 /* SUFOOver0_3Tests.swift in Sources */ = {isa = PBXBuildFile; fileRef = 848B4653204160FE0059FA67 /* SUFOOver0_3Tests.swift */; };
/* End PBXBuildFile section */

/* Begin PBXContainerItemProxy section */
		848B4650204160FE0059FA67 /* PBXContainerItemProxy */ = {
			isa = PBXContainerItemProxy;
			containerPortal = 848B4633204160FD0059FA67 /* Project object */;
			proxyType = 1;
			remoteGlobalIDString = 848B463A204160FD0059FA67;
			remoteInfo = SUFOOver0.3;
		};
/* End PBXContainerItemProxy section */

/* Begin PBXFileReference section */
		841792D62041731B001015C4 /* scrollView.swift */ = {isa = PBXFileReference; lastKnownFileType = sourcecode.swift; path = scrollView.swift; sourceTree = "<group>"; };
		841792D82041732F001015C4 /* Scroll.xib */ = {isa = PBXFileReference; lastKnownFileType = file.xib; path = Scroll.xib; sourceTree = "<group>"; };
		848B463B204160FD0059FA67 /* SUFOOver0.3.app */ = {isa = PBXFileReference; explicitFileType = wrapper.application; includeInIndex = 0; path = SUFOOver0.3.app; sourceTree = BUILT_PRODUCTS_DIR; };
		848B463E204160FD0059FA67 /* AppDelegate.swift */ = {isa = PBXFileReference; lastKnownFileType = sourcecode.swift; path = AppDelegate.swift; sourceTree = "<group>"; };
		848B4640204160FD0059FA67 /* ViewController.swift */ = {isa = PBXFileReference; lastKnownFileType = sourcecode.swift; path = ViewController.swift; sourceTree = "<group>"; };
		848B4643204160FD0059FA67 /* Base */ = {isa = PBXFileReference; lastKnownFileType = file.storyboard; name = Base; path = Base.lproj/Main.storyboard; sourceTree = "<group>"; };
		848B4645204160FD0059FA67 /* Assets.xcassets */ = {isa = PBXFileReference; lastKnownFileType = folder.assetcatalog; path = Assets.xcassets; sourceTree = "<group>"; };
		848B4648204160FD0059FA67 /* Base */ = {isa = PBXFileReference; lastKnownFileType = file.storyboard; name = Base; path = Base.lproj/LaunchScreen.storyboard; sourceTree = "<group>"; };
		848B464A204160FD0059FA67 /* Info.plist */ = {isa = PBXFileReference; lastKnownFileType = text.plist.xml; path = Info.plist; sourceTree = "<group>"; };
		848B464F204160FE0059FA67 /* SUFOOver0.3Tests.xctest */ = {isa = PBXFileReference; explicitFileType = wrapper.cfbundle; includeInIndex = 0; path = SUFOOver0.3Tests.xctest; sourceTree = BUILT_PRODUCTS_DIR; };
		848B4653204160FE0059FA67 /* SUFOOver0_3Tests.swift */ = {isa = PBXFileReference; lastKnownFileType = sourcecode.swift; path = SUFOOver0_3Tests.swift; sourceTree = "<group>"; };
		848B4655204160FE0059FA67 /* Info.plist */ = {isa = PBXFileReference; lastKnownFileType = text.plist.xml; path = Info.plist; sourceTree = "<group>"; };
/* End PBXFileReference section */

/* Begin PBXFrameworksBuildPhase section */
		848B4638204160FD0059FA67 /* Frameworks */ = {
			isa = PBXFrameworksBuildPhase;
			buildActionMask = 2147483647;
			files = (
			);
			runOnlyForDeploymentPostprocessing = 0;
		};
		848B464C204160FE0059FA67 /* Frameworks */ = {
			isa = PBXFrameworksBuildPhase;
			buildActionMask = 2147483647;
			files = (
			);
			runOnlyForDeploymentPostprocessing = 0;
		};
/* End PBXFrameworksBuildPhase section */

/* Begin PBXGroup section */
		848B4632204160FD0059FA67 = {
			isa = PBXGroup;
			children = (
				848B463D204160FD0059FA67 /* SUFOOver0.3 */,
				848B4652204160FE0059FA67 /* SUFOOver0.3Tests */,
				848B463C204160FD0059FA67 /* Products */,
			);
			sourceTree = "<group>";
		};
		848B463C204160FD0059FA67 /* Products */ = {
			isa = PBXGroup;
			children = (
				848B463B204160FD0059FA67 /* SUFOOver0.3.app */,
				848B464F204160FE0059FA67 /* SUFOOver0.3Tests.xctest */,
			);
			name = Products;
			sourceTree = "<group>";
		};
		848B463D204160FD0059FA67 /* SUFOOver0.3 */ = {
			isa = PBXGroup;
			children = (
				848B463E204160FD0059FA67 /* AppDelegate.swift */,
				848B4640204160FD0059FA67 /* ViewController.swift */,
				848B4642204160FD0059FA67 /* Main.storyboard */,
				848B4645204160FD0059FA67 /* Assets.xcassets */,
				848B4647204160FD0059FA67 /* LaunchScreen.storyboard */,
				848B464A204160FD0059FA67 /* Info.plist */,
				841792D62041731B001015C4 /* scrollView.swift */,
				841792D82041732F001015C4 /* Scroll.xib */,
			);
			path = SUFOOver0.3;
			sourceTree = "<group>";
		};
		848B4652204160FE0059FA67 /* SUFOOver0.3Tests */ = {
			isa = PBXGroup;
			children = (
				848B4653204160FE0059FA67 /* SUFOOver0_3Tests.swift */,
				848B4655204160FE0059FA67 /* Info.plist */,
			);
			path = SUFOOver0.3Tests;
			sourceTree = "<group>";
		};
/* End PBXGroup section */

/* Begin PBXNativeTarget section */
		848B463A204160FD0059FA67 /* SUFOOver0.3 */ = {
			isa = PBXNativeTarget;
			buildConfigurationList = 848B4658204160FE0059FA67 /* Build configuration list for PBXNativeTarget "SUFOOver0.3" */;
			buildPhases = (
				848B4637204160FD0059FA67 /* Sources */,
				848B4638204160FD0059FA67 /* Frameworks */,
				848B4639204160FD0059FA67 /* Resources */,
			);
			buildRules = (
			);
			dependencies = (
			);
			name = SUFOOver0.3;
			productName = SUFOOver0.3;
			productReference = 848B463B204160FD0059FA67 /* SUFOOver0.3.app */;
			productType = "com.apple.product-type.application";
		};
		848B464E204160FE0059FA67 /* SUFOOver0.3Tests */ = {
			isa = PBXNativeTarget;
			buildConfigurationList = 848B465B204160FE0059FA67 /* Build configuration list for PBXNativeTarget "SUFOOver0.3Tests" */;
			buildPhases = (
				848B464B204160FE0059FA67 /* Sources */,
				848B464C204160FE0059FA67 /* Frameworks */,
				848B464D204160FE0059FA67 /* Resources */,
			);
			buildRules = (
			);
			dependencies = (
				848B4651204160FE0059FA67 /* PBXTargetDependency */,
			);
			name = SUFOOver0.3Tests;
			productName = SUFOOver0.3Tests;
			productReference = 848B464F204160FE0059FA67 /* SUFOOver0.3Tests.xctest */;
			productType = "com.apple.product-type.bundle.unit-test";
		};
/* End PBXNativeTarget section */

/* Begin PBXProject section */
		848B4633204160FD0059FA67 /* Project object */ = {
			isa = PBXProject;
			attributes = {
				LastSwiftUpdateCheck = 0920;
				LastUpgradeCheck = 0920;
				ORGANIZATIONNAME = Kwangun;
				TargetAttributes = {
					848B463A204160FD0059FA67 = {
						CreatedOnToolsVersion = 9.2;
						ProvisioningStyle = Automatic;
					};
					848B464E204160FE0059FA67 = {
						CreatedOnToolsVersion = 9.2;
						ProvisioningStyle = Automatic;
						TestTargetID = 848B463A204160FD0059FA67;
					};
				};
			};
			buildConfigurationList = 848B4636204160FD0059FA67 /* Build configuration list for PBXProject "SUFOOver0.3" */;
			compatibilityVersion = "Xcode 8.0";
			developmentRegion = en;
			hasScannedForEncodings = 0;
			knownRegions = (
				en,
				Base,
			);
			mainGroup = 848B4632204160FD0059FA67;
			productRefGroup = 848B463C204160FD0059FA67 /* Products */;
			projectDirPath = "";
			projectRoot = "";
			targets = (
				848B463A204160FD0059FA67 /* SUFOOver0.3 */,
				848B464E204160FE0059FA67 /* SUFOOver0.3Tests */,
			);
		};
/* End PBXProject section */

/* Begin PBXResourcesBuildPhase section */
		848B4639204160FD0059FA67 /* Resources */ = {
			isa = PBXResourcesBuildPhase;
			buildActionMask = 2147483647;
			files = (
				848B4649204160FD0059FA67 /* LaunchScreen.storyboard in Resources */,
				848B4646204160FD0059FA67 /* Assets.xcassets in Resources */,
				841792D92041732F001015C4 /* Scroll.xib in Resources */,
				848B4644204160FD0059FA67 /* Main.storyboard in Resources */,
			);
			runOnlyForDeploymentPostprocessing = 0;
		};
		848B464D204160FE0059FA67 /* Resources */ = {
			isa = PBXResourcesBuildPhase;
			buildActionMask = 2147483647;
			files = (
			);
			runOnlyForDeploymentPostprocessing = 0;
		};
/* End PBXResourcesBuildPhase section */

/* Begin PBXSourcesBuildPhase section */
		848B4637204160FD0059FA67 /* Sources */ = {
			isa = PBXSourcesBuildPhase;
			buildActionMask = 2147483647;
			files = (
				841792D72041731B001015C4 /* scrollView.swift in Sources */,
				848B4641204160FD0059FA67 /* ViewController.swift in Sources */,
				848B463F204160FD0059FA67 /* AppDelegate.swift in Sources */,
			);
			runOnlyForDeploymentPostprocessing = 0;
		};
		848B464B204160FE0059FA67 /* Sources */ = {
			isa = PBXSourcesBuildPhase;
			buildActionMask = 2147483647;
			files = (
				848B4654204160FE0059FA67 /* SUFOOver0_3Tests.swift in Sources */,
			);
			runOnlyForDeploymentPostprocessing = 0;
		};
/* End PBXSourcesBuildPhase section */

/* Begin PBXTargetDependency section */
		848B4651204160FE0059FA67 /* PBXTargetDependency */ = {
			isa = PBXTargetDependency;
			target = 848B463A204160FD0059FA67 /* SUFOOver0.3 */;
			targetProxy = 848B4650204160FE0059FA67 /* PBXContainerItemProxy */;
		};
/* End PBXTargetDependency section */

/* Begin PBXVariantGroup section */
		848B4642204160FD0059FA67 /* Main.storyboard */ = {
			isa = PBXVariantGroup;
			children = (
				848B4643204160FD0059FA67 /* Base */,
			);
			name = Main.storyboard;
			sourceTree = "<group>";
		};
		848B4647204160FD0059FA67 /* LaunchScreen.storyboard */ = {
			isa = PBXVariantGroup;
			children = (
				848B4648204160FD0059FA67 /* Base */,
			);
			name = LaunchScreen.storyboard;
			sourceTree = "<group>";
		};
/* End PBXVariantGroup section */

/* Begin XCBuildConfiguration section */
		848B4656204160FE0059FA67 /* Debug */ = {
			isa = XCBuildConfiguration;
			buildSettings = {
				ALWAYS_SEARCH_USER_PATHS = NO;
				CLANG_ANALYZER_NONNULL = YES;
				CLANG_ANALYZER_NUMBER_OBJECT_CONVERSION = YES_AGGRESSIVE;
				CLANG_CXX_LANGUAGE_STANDARD = "gnu++14";
				CLANG_CXX_LIBRARY = "libc++";
				CLANG_ENABLE_MODULES = YES;
				CLANG_ENABLE_OBJC_ARC = YES;
				CLANG_WARN_BLOCK_CAPTURE_AUTORELEASING = YES;
				CLANG_WARN_BOOL_CONVERSION = YES;
				CLANG_WARN_COMMA = YES;
				CLANG_WARN_CONSTANT_CONVERSION = YES;
				CLANG_WARN_DIRECT_OBJC_ISA_USAGE = YES_ERROR;
				CLANG_WARN_DOCUMENTATION_COMMENTS = YES;
				CLANG_WARN_EMPTY_BODY = YES;
				CLANG_WARN_ENUM_CONVERSION = YES;
				CLANG_WARN_INFINITE_RECURSION = YES;
				CLANG_WARN_INT_CONVERSION = YES;
				CLANG_WARN_NON_LITERAL_NULL_CONVERSION = YES;
				CLANG_WARN_OBJC_LITERAL_CONVERSION = YES;
				CLANG_WARN_OBJC_ROOT_CLASS = YES_ERROR;
				CLANG_WARN_RANGE_LOOP_ANALYSIS = YES;
				CLANG_WARN_STRICT_PROTOTYPES = YES;
				CLANG_WARN_SUSPICIOUS_MOVE = YES;
				CLANG_WARN_UNGUARDED_AVAILABILITY = YES_AGGRESSIVE;
				CLANG_WARN_UNREACHABLE_CODE = YES;
				CLANG_WARN__DUPLICATE_METHOD_MATCH = YES;
				CODE_SIGN_IDENTITY = "iPhone Developer";
				COPY_PHASE_STRIP = NO;
				DEBUG_INFORMATION_FORMAT = dwarf;
				ENABLE_STRICT_OBJC_MSGSEND = YES;
				ENABLE_TESTABILITY = YES;
				GCC_C_LANGUAGE_STANDARD = gnu11;
				GCC_DYNAMIC_NO_PIC = NO;
				GCC_NO_COMMON_BLOCKS = YES;
				GCC_OPTIMIZATION_LEVEL = 0;
				GCC_PREPROCESSOR_DEFINITIONS = (
					"DEBUG=1",
					"$(inherited)",
				);
				GCC_WARN_64_TO_32_BIT_CONVERSION = YES;
				GCC_WARN_ABOUT_RETURN_TYPE = YES_ERROR;
				GCC_WARN_UNDECLARED_SELECTOR = YES;
				GCC_WARN_UNINITIALIZED_AUTOS = YES_AGGRESSIVE;
				GCC_WARN_UNUSED_FUNCTION = YES;
				GCC_WARN_UNUSED_VARIABLE = YES;
				IPHONEOS_DEPLOYMENT_TARGET = 11.2;
				MTL_ENABLE_DEBUG_INFO = YES;
				ONLY_ACTIVE_ARCH = YES;
				SDKROOT = iphoneos;
				SWIFT_ACTIVE_COMPILATION_CONDITIONS = DEBUG;
				SWIFT_OPTIMIZATION_LEVEL = "-Onone";
			};
			name = Debug;
		};
		848B4657204160FE0059FA67 /* Release */ = {
			isa = XCBuildConfiguration;
			buildSettings = {
				ALWAYS_SEARCH_USER_PATHS = NO;
				CLANG_ANALYZER_NONNULL = YES;
				CLANG_ANALYZER_NUMBER_OBJECT_CONVERSION = YES_AGGRESSIVE;
				CLANG_CXX_LANGUAGE_STANDARD = "gnu++14";
				CLANG_CXX_LIBRARY = "libc++";
				CLANG_ENABLE_MODULES = YES;
				CLANG_ENABLE_OBJC_ARC = YES;
				CLANG_WARN_BLOCK_CAPTURE_AUTORELEASING = YES;
				CLANG_WARN_BOOL_CONVERSION = YES;
				CLANG_WARN_COMMA = YES;
				CLANG_WARN_CONSTANT_CONVERSION = YES;
				CLANG_WARN_DIRECT_OBJC_ISA_USAGE = YES_ERROR;
				CLANG_WARN_DOCUMENTATION_COMMENTS = YES;
				CLANG_WARN_EMPTY_BODY = YES;
				CLANG_WARN_ENUM_CONVERSION = YES;
				CLANG_WARN_INFINITE_RECURSION = YES;
				CLANG_WARN_INT_CONVERSION = YES;
				CLANG_WARN_NON_LITERAL_NULL_CONVERSION = YES;
				CLANG_WARN_OBJC_LITERAL_CONVERSION = YES;
				CLANG_WARN_OBJC_ROOT_CLASS = YES_ERROR;
				CLANG_WARN_RANGE_LOOP_ANALYSIS = YES;
				CLANG_WARN_STRICT_PROTOTYPES = YES;
				CLANG_WARN_SUSPICIOUS_MOVE = YES;
				CLANG_WARN_UNGUARDED_AVAILABILITY = YES_AGGRESSIVE;
				CLANG_WARN_UNREACHABLE_CODE = YES;
				CLANG_WARN__DUPLICATE_METHOD_MATCH = YES;
				CODE_SIGN_IDENTITY = "iPhone Developer";
				COPY_PHASE_STRIP = NO;
				DEBUG_INFORMATION_FORMAT = "dwarf-with-dsym";
				ENABLE_NS_ASSERTIONS = NO;
				ENABLE_STRICT_OBJC_MSGSEND = YES;
				GCC_C_LANGUAGE_STANDARD = gnu11;
				GCC_NO_COMMON_BLOCKS = YES;
				GCC_WARN_64_TO_32_BIT_CONVERSION = YES;
				GCC_WARN_ABOUT_RETURN_TYPE = YES_ERROR;
				GCC_WARN_UNDECLARED_SELECTOR = YES;
				GCC_WARN_UNINITIALIZED_AUTOS = YES_AGGRESSIVE;
				GCC_WARN_UNUSED_FUNCTION = YES;
				GCC_WARN_UNUSED_VARIABLE = YES;
				IPHONEOS_DEPLOYMENT_TARGET = 11.2;
				MTL_ENABLE_DEBUG_INFO = NO;
				SDKROOT = iphoneos;
				SWIFT_OPTIMIZATION_LEVEL = "-Owholemodule";
				VALIDATE_PRODUCT = YES;
			};
			name = Release;
		};
		848B4659204160FE0059FA67 /* Debug */ = {
			isa = XCBuildConfiguration;
			buildSettings = {
				ASSETCATALOG_COMPILER_APPICON_NAME = AppIcon;
				CODE_SIGN_STYLE = Automatic;
				INFOPLIST_FILE = SUFOOver0.3/Info.plist;
				LD_RUNPATH_SEARCH_PATHS = "$(inherited) @executable_path/Frameworks";
				PRODUCT_BUNDLE_IDENTIFIER = "jackpot.SUFOOver0-3";
				PRODUCT_NAME = "$(TARGET_NAME)";
				SWIFT_VERSION = 4.0;
				TARGETED_DEVICE_FAMILY = "1,2";
			};
			name = Debug;
		};
		848B465A204160FE0059FA67 /* Release */ = {
			isa = XCBuildConfiguration;
			buildSettings = {
				ASSETCATALOG_COMPILER_APPICON_NAME = AppIcon;
				CODE_SIGN_STYLE = Automatic;
				INFOPLIST_FILE = SUFOOver0.3/Info.plist;
				LD_RUNPATH_SEARCH_PATHS = "$(inherited) @executable_path/Frameworks";
				PRODUCT_BUNDLE_IDENTIFIER = "jackpot.SUFOOver0-3";
				PRODUCT_NAME = "$(TARGET_NAME)";
				SWIFT_VERSION = 4.0;
				TARGETED_DEVICE_FAMILY = "1,2";
			};
			name = Release;
		};
		848B465C204160FE0059FA67 /* Debug */ = {
			isa = XCBuildConfiguration;
			buildSettings = {
				ALWAYS_EMBED_SWIFT_STANDARD_LIBRARIES = YES;
				BUNDLE_LOADER = "$(TEST_HOST)";
				CODE_SIGN_STYLE = Automatic;
				INFOPLIST_FILE = SUFOOver0.3Tests/Info.plist;
				LD_RUNPATH_SEARCH_PATHS = "$(inherited) @executable_path/Frameworks @loader_path/Frameworks";
				PRODUCT_BUNDLE_IDENTIFIER = "jackpot.SUFOOver0-3Tests";
				PRODUCT_NAME = "$(TARGET_NAME)";
				SWIFT_VERSION = 4.0;
				TARGETED_DEVICE_FAMILY = "1,2";
				TEST_HOST = "$(BUILT_PRODUCTS_DIR)/SUFOOver0.3.app/SUFOOver0.3";
			};
			name = Debug;
		};
		848B465D204160FE0059FA67 /* Release */ = {
			isa = XCBuildConfiguration;
			buildSettings = {
				ALWAYS_EMBED_SWIFT_STANDARD_LIBRARIES = YES;
				BUNDLE_LOADER = "$(TEST_HOST)";
				CODE_SIGN_STYLE = Automatic;
				INFOPLIST_FILE = SUFOOver0.3Tests/Info.plist;
				LD_RUNPATH_SEARCH_PATHS = "$(inherited) @executable_path/Frameworks @loader_path/Frameworks";
				PRODUCT_BUNDLE_IDENTIFIER = "jackpot.SUFOOver0-3Tests";
				PRODUCT_NAME = "$(TARGET_NAME)";
				SWIFT_VERSION = 4.0;
				TARGETED_DEVICE_FAMILY = "1,2";
				TEST_HOST = "$(BUILT_PRODUCTS_DIR)/SUFOOver0.3.app/SUFOOver0.3";
			};
			name = Release;
		};
/* End XCBuildConfiguration section */

/* Begin XCConfigurationList section */
		848B4636204160FD0059FA67 /* Build configuration list for PBXProject "SUFOOver0.3" */ = {
			isa = XCConfigurationList;
			buildConfigurations = (
				848B4656204160FE0059FA67 /* Debug */,
				848B4657204160FE0059FA67 /* Release */,
			);
			defaultConfigurationIsVisible = 0;
			defaultConfigurationName = Release;
		};
		848B4658204160FE0059FA67 /* Build configuration list for PBXNativeTarget "SUFOOver0.3" */ = {
			isa = XCConfigurationList;
			buildConfigurations = (
				848B4659204160FE0059FA67 /* Debug */,
				848B465A204160FE0059FA67 /* Release */,
			);
			defaultConfigurationIsVisible = 0;
			defaultConfigurationName = Release;
		};
		848B465B204160FE0059FA67 /* Build configuration list for PBXNativeTarget "SUFOOver0.3Tests" */ = {
			isa = XCConfigurationList;
			buildConfigurations = (
				848B465C204160FE0059FA67 /* Debug */,
				848B465D204160FE0059FA67 /* Release */,
			);
			defaultConfigurationIsVisible = 0;
			defaultConfigurationName = Release;
		};
/* End XCConfigurationList section */
	};
	rootObject = 848B4633204160FD0059FA67 /* Project object */;
}
