// !$*UTF8*$!
{
	archiveVersion = 1;
	classes = {
	};
	objectVersion = 48;
	objects = {

/* Begin PBXBuildFile section */
		844E4A2F202C41030092DBB2 /* firstscroll.xib in Resources */ = {isa = PBXBuildFile; fileRef = 844E4A2E202C41030092DBB2 /* firstscroll.xib */; };
		844E4A89202C43520092DBB2 /* secondscroll.xib in Resources */ = {isa = PBXBuildFile; fileRef = 844E4A88202C43520092DBB2 /* secondscroll.xib */; };
		844E4A8B202C43670092DBB2 /* scrollView2.swift in Sources */ = {isa = PBXBuildFile; fileRef = 844E4A8A202C43670092DBB2 /* scrollView2.swift */; };
		84E1C55D202C250900F6462F /* AppDelegate.swift in Sources */ = {isa = PBXBuildFile; fileRef = 84E1C55C202C250900F6462F /* AppDelegate.swift */; };
		84E1C55F202C250900F6462F /* ViewController.swift in Sources */ = {isa = PBXBuildFile; fileRef = 84E1C55E202C250900F6462F /* ViewController.swift */; };
		84E1C562202C250900F6462F /* Main.storyboard in Resources */ = {isa = PBXBuildFile; fileRef = 84E1C560202C250900F6462F /* Main.storyboard */; };
		84E1C564202C250900F6462F /* Assets.xcassets in Resources */ = {isa = PBXBuildFile; fileRef = 84E1C563202C250900F6462F /* Assets.xcassets */; };
		84E1C567202C250900F6462F /* LaunchScreen.storyboard in Resources */ = {isa = PBXBuildFile; fileRef = 84E1C565202C250900F6462F /* LaunchScreen.storyboard */; };
		84E1C572202C250900F6462F /* ScrollView1_0Tests.swift in Sources */ = {isa = PBXBuildFile; fileRef = 84E1C571202C250900F6462F /* ScrollView1_0Tests.swift */; };
		84E1C57F202C281200F6462F /* scrollView.swift in Sources */ = {isa = PBXBuildFile; fileRef = 84E1C57E202C281200F6462F /* scrollView.swift */; };
		84FD868E202D4C90000AA158 /* third.xib in Resources */ = {isa = PBXBuildFile; fileRef = 84FD868D202D4C90000AA158 /* third.xib */; };
		84FD8690202D4CBA000AA158 /* scrollView3.swift in Sources */ = {isa = PBXBuildFile; fileRef = 84FD868F202D4CBA000AA158 /* scrollView3.swift */; };
/* End PBXBuildFile section */

/* Begin PBXContainerItemProxy section */
		84E1C56E202C250900F6462F /* PBXContainerItemProxy */ = {
			isa = PBXContainerItemProxy;
			containerPortal = 84E1C551202C250900F6462F /* Project object */;
			proxyType = 1;
			remoteGlobalIDString = 84E1C558202C250900F6462F;
			remoteInfo = ScrollView1.0;
		};
/* End PBXContainerItemProxy section */

/* Begin PBXFileReference section */
		844E4A2E202C41030092DBB2 /* firstscroll.xib */ = {isa = PBXFileReference; lastKnownFileType = file.xib; path = firstscroll.xib; sourceTree = "<group>"; };
		844E4A88202C43520092DBB2 /* secondscroll.xib */ = {isa = PBXFileReference; lastKnownFileType = file.xib; path = secondscroll.xib; sourceTree = "<group>"; };
		844E4A8A202C43670092DBB2 /* scrollView2.swift */ = {isa = PBXFileReference; lastKnownFileType = sourcecode.swift; path = scrollView2.swift; sourceTree = "<group>"; };
		84E1C559202C250900F6462F /* ScrollView1.0.app */ = {isa = PBXFileReference; explicitFileType = wrapper.application; includeInIndex = 0; path = ScrollView1.0.app; sourceTree = BUILT_PRODUCTS_DIR; };
		84E1C55C202C250900F6462F /* AppDelegate.swift */ = {isa = PBXFileReference; lastKnownFileType = sourcecode.swift; path = AppDelegate.swift; sourceTree = "<group>"; };
		84E1C55E202C250900F6462F /* ViewController.swift */ = {isa = PBXFileReference; lastKnownFileType = sourcecode.swift; path = ViewController.swift; sourceTree = "<group>"; };
		84E1C561202C250900F6462F /* Base */ = {isa = PBXFileReference; lastKnownFileType = file.storyboard; name = Base; path = Base.lproj/Main.storyboard; sourceTree = "<group>"; };
		84E1C563202C250900F6462F /* Assets.xcassets */ = {isa = PBXFileReference; lastKnownFileType = folder.assetcatalog; path = Assets.xcassets; sourceTree = "<group>"; };
		84E1C566202C250900F6462F /* Base */ = {isa = PBXFileReference; lastKnownFileType = file.storyboard; name = Base; path = Base.lproj/LaunchScreen.storyboard; sourceTree = "<group>"; };
		84E1C568202C250900F6462F /* Info.plist */ = {isa = PBXFileReference; lastKnownFileType = text.plist.xml; path = Info.plist; sourceTree = "<group>"; };
		84E1C56D202C250900F6462F /* ScrollView1.0Tests.xctest */ = {isa = PBXFileReference; explicitFileType = wrapper.cfbundle; includeInIndex = 0; path = ScrollView1.0Tests.xctest; sourceTree = BUILT_PRODUCTS_DIR; };
		84E1C571202C250900F6462F /* ScrollView1_0Tests.swift */ = {isa = PBXFileReference; lastKnownFileType = sourcecode.swift; path = ScrollView1_0Tests.swift; sourceTree = "<group>"; };
		84E1C573202C250900F6462F /* Info.plist */ = {isa = PBXFileReference; lastKnownFileType = text.plist.xml; path = Info.plist; sourceTree = "<group>"; };
		84E1C57E202C281200F6462F /* scrollView.swift */ = {isa = PBXFileReference; lastKnownFileType = sourcecode.swift; path = scrollView.swift; sourceTree = "<group>"; };
		84FD868D202D4C90000AA158 /* third.xib */ = {isa = PBXFileReference; lastKnownFileType = file.xib; path = third.xib; sourceTree = "<group>"; };
		84FD868F202D4CBA000AA158 /* scrollView3.swift */ = {isa = PBXFileReference; lastKnownFileType = sourcecode.swift; path = scrollView3.swift; sourceTree = "<group>"; };
/* End PBXFileReference section */

/* Begin PBXFrameworksBuildPhase section */
		84E1C556202C250900F6462F /* Frameworks */ = {
			isa = PBXFrameworksBuildPhase;
			buildActionMask = 2147483647;
			files = (
			);
			runOnlyForDeploymentPostprocessing = 0;
		};
		84E1C56A202C250900F6462F /* Frameworks */ = {
			isa = PBXFrameworksBuildPhase;
			buildActionMask = 2147483647;
			files = (
			);
			runOnlyForDeploymentPostprocessing = 0;
		};
/* End PBXFrameworksBuildPhase section */

/* Begin PBXGroup section */
		84E1C550202C250900F6462F = {
			isa = PBXGroup;
			children = (
				84E1C55B202C250900F6462F /* ScrollView1.0 */,
				84E1C570202C250900F6462F /* ScrollView1.0Tests */,
				84E1C55A202C250900F6462F /* Products */,
			);
			sourceTree = "<group>";
		};
		84E1C55A202C250900F6462F /* Products */ = {
			isa = PBXGroup;
			children = (
				84E1C559202C250900F6462F /* ScrollView1.0.app */,
				84E1C56D202C250900F6462F /* ScrollView1.0Tests.xctest */,
			);
			name = Products;
			sourceTree = "<group>";
		};
		84E1C55B202C250900F6462F /* ScrollView1.0 */ = {
			isa = PBXGroup;
			children = (
				84E1C55C202C250900F6462F /* AppDelegate.swift */,
				84E1C55E202C250900F6462F /* ViewController.swift */,
				84E1C560202C250900F6462F /* Main.storyboard */,
				84E1C563202C250900F6462F /* Assets.xcassets */,
				84E1C565202C250900F6462F /* LaunchScreen.storyboard */,
				84E1C568202C250900F6462F /* Info.plist */,
				84E1C57E202C281200F6462F /* scrollView.swift */,
				844E4A2E202C41030092DBB2 /* firstscroll.xib */,
				844E4A88202C43520092DBB2 /* secondscroll.xib */,
				844E4A8A202C43670092DBB2 /* scrollView2.swift */,
				84FD868D202D4C90000AA158 /* third.xib */,
				84FD868F202D4CBA000AA158 /* scrollView3.swift */,
			);
			path = ScrollView1.0;
			sourceTree = "<group>";
		};
		84E1C570202C250900F6462F /* ScrollView1.0Tests */ = {
			isa = PBXGroup;
			children = (
				84E1C571202C250900F6462F /* ScrollView1_0Tests.swift */,
				84E1C573202C250900F6462F /* Info.plist */,
			);
			path = ScrollView1.0Tests;
			sourceTree = "<group>";
		};
/* End PBXGroup section */

/* Begin PBXNativeTarget section */
		84E1C558202C250900F6462F /* ScrollView1.0 */ = {
			isa = PBXNativeTarget;
			buildConfigurationList = 84E1C576202C250900F6462F /* Build configuration list for PBXNativeTarget "ScrollView1.0" */;
			buildPhases = (
				84E1C555202C250900F6462F /* Sources */,
				84E1C556202C250900F6462F /* Frameworks */,
				84E1C557202C250900F6462F /* Resources */,
			);
			buildRules = (
			);
			dependencies = (
			);
			name = ScrollView1.0;
			productName = ScrollView1.0;
			productReference = 84E1C559202C250900F6462F /* ScrollView1.0.app */;
			productType = "com.apple.product-type.application";
		};
		84E1C56C202C250900F6462F /* ScrollView1.0Tests */ = {
			isa = PBXNativeTarget;
			buildConfigurationList = 84E1C579202C250900F6462F /* Build configuration list for PBXNativeTarget "ScrollView1.0Tests" */;
			buildPhases = (
				84E1C569202C250900F6462F /* Sources */,
				84E1C56A202C250900F6462F /* Frameworks */,
				84E1C56B202C250900F6462F /* Resources */,
			);
			buildRules = (
			);
			dependencies = (
				84E1C56F202C250900F6462F /* PBXTargetDependency */,
			);
			name = ScrollView1.0Tests;
			productName = ScrollView1.0Tests;
			productReference = 84E1C56D202C250900F6462F /* ScrollView1.0Tests.xctest */;
			productType = "com.apple.product-type.bundle.unit-test";
		};
/* End PBXNativeTarget section */

/* Begin PBXProject section */
		84E1C551202C250900F6462F /* Project object */ = {
			isa = PBXProject;
			attributes = {
				LastSwiftUpdateCheck = 0920;
				LastUpgradeCheck = 0920;
				ORGANIZATIONNAME = Kwangun;
				TargetAttributes = {
					84E1C558202C250900F6462F = {
						CreatedOnToolsVersion = 9.2;
						ProvisioningStyle = Automatic;
					};
					84E1C56C202C250900F6462F = {
						CreatedOnToolsVersion = 9.2;
						ProvisioningStyle = Automatic;
						TestTargetID = 84E1C558202C250900F6462F;
					};
				};
			};
			buildConfigurationList = 84E1C554202C250900F6462F /* Build configuration list for PBXProject "ScrollView1.0" */;
			compatibilityVersion = "Xcode 8.0";
			developmentRegion = en;
			hasScannedForEncodings = 0;
			knownRegions = (
				en,
				Base,
			);
			mainGroup = 84E1C550202C250900F6462F;
			productRefGroup = 84E1C55A202C250900F6462F /* Products */;
			projectDirPath = "";
			projectRoot = "";
			targets = (
				84E1C558202C250900F6462F /* ScrollView1.0 */,
				84E1C56C202C250900F6462F /* ScrollView1.0Tests */,
			);
		};
/* End PBXProject section */

/* Begin PBXResourcesBuildPhase section */
		84E1C557202C250900F6462F /* Resources */ = {
			isa = PBXResourcesBuildPhase;
			buildActionMask = 2147483647;
			files = (
				84E1C567202C250900F6462F /* LaunchScreen.storyboard in Resources */,
				84E1C564202C250900F6462F /* Assets.xcassets in Resources */,
				84E1C562202C250900F6462F /* Main.storyboard in Resources */,
				844E4A2F202C41030092DBB2 /* firstscroll.xib in Resources */,
				844E4A89202C43520092DBB2 /* secondscroll.xib in Resources */,
				84FD868E202D4C90000AA158 /* third.xib in Resources */,
			);
			runOnlyForDeploymentPostprocessing = 0;
		};
		84E1C56B202C250900F6462F /* Resources */ = {
			isa = PBXResourcesBuildPhase;
			buildActionMask = 2147483647;
			files = (
			);
			runOnlyForDeploymentPostprocessing = 0;
		};
/* End PBXResourcesBuildPhase section */

/* Begin PBXSourcesBuildPhase section */
		84E1C555202C250900F6462F /* Sources */ = {
			isa = PBXSourcesBuildPhase;
			buildActionMask = 2147483647;
			files = (
				84FD8690202D4CBA000AA158 /* scrollView3.swift in Sources */,
				844E4A8B202C43670092DBB2 /* scrollView2.swift in Sources */,
				84E1C57F202C281200F6462F /* scrollView.swift in Sources */,
				84E1C55F202C250900F6462F /* ViewController.swift in Sources */,
				84E1C55D202C250900F6462F /* AppDelegate.swift in Sources */,
			);
			runOnlyForDeploymentPostprocessing = 0;
		};
		84E1C569202C250900F6462F /* Sources */ = {
			isa = PBXSourcesBuildPhase;
			buildActionMask = 2147483647;
			files = (
				84E1C572202C250900F6462F /* ScrollView1_0Tests.swift in Sources */,
			);
			runOnlyForDeploymentPostprocessing = 0;
		};
/* End PBXSourcesBuildPhase section */

/* Begin PBXTargetDependency section */
		84E1C56F202C250900F6462F /* PBXTargetDependency */ = {
			isa = PBXTargetDependency;
			target = 84E1C558202C250900F6462F /* ScrollView1.0 */;
			targetProxy = 84E1C56E202C250900F6462F /* PBXContainerItemProxy */;
		};
/* End PBXTargetDependency section */

/* Begin PBXVariantGroup section */
		84E1C560202C250900F6462F /* Main.storyboard */ = {
			isa = PBXVariantGroup;
			children = (
				84E1C561202C250900F6462F /* Base */,
			);
			name = Main.storyboard;
			sourceTree = "<group>";
		};
		84E1C565202C250900F6462F /* LaunchScreen.storyboard */ = {
			isa = PBXVariantGroup;
			children = (
				84E1C566202C250900F6462F /* Base */,
			);
			name = LaunchScreen.storyboard;
			sourceTree = "<group>";
		};
/* End PBXVariantGroup section */

/* Begin XCBuildConfiguration section */
		84E1C574202C250900F6462F /* Debug */ = {
			isa = XCBuildConfiguration;
			buildSettings = {
				ALWAYS_SEARCH_USER_PATHS = NO;
				CLANG_ANALYZER_NONNULL = YES;
				CLANG_ANALYZER_NUMBER_OBJECT_CONVERSION = YES_AGGRESSIVE;
				CLANG_CXX_LANGUAGE_STANDARD = "gnu++14";
				CLANG_CXX_LIBRARY = "libc++";
				CLANG_ENABLE_MODULES = YES;
				CLANG_ENABLE_OBJC_ARC = YES;
				CLANG_WARN_BLOCK_CAPTURE_AUTORELEASING = YES;
				CLANG_WARN_BOOL_CONVERSION = YES;
				CLANG_WARN_COMMA = YES;
				CLANG_WARN_CONSTANT_CONVERSION = YES;
				CLANG_WARN_DIRECT_OBJC_ISA_USAGE = YES_ERROR;
				CLANG_WARN_DOCUMENTATION_COMMENTS = YES;
				CLANG_WARN_EMPTY_BODY = YES;
				CLANG_WARN_ENUM_CONVERSION = YES;
				CLANG_WARN_INFINITE_RECURSION = YES;
				CLANG_WARN_INT_CONVERSION = YES;
				CLANG_WARN_NON_LITERAL_NULL_CONVERSION = YES;
				CLANG_WARN_OBJC_LITERAL_CONVERSION = YES;
				CLANG_WARN_OBJC_ROOT_CLASS = YES_ERROR;
				CLANG_WARN_RANGE_LOOP_ANALYSIS = YES;
				CLANG_WARN_STRICT_PROTOTYPES = YES;
				CLANG_WARN_SUSPICIOUS_MOVE = YES;
				CLANG_WARN_UNGUARDED_AVAILABILITY = YES_AGGRESSIVE;
				CLANG_WARN_UNREACHABLE_CODE = YES;
				CLANG_WARN__DUPLICATE_METHOD_MATCH = YES;
				CODE_SIGN_IDENTITY = "iPhone Developer";
				COPY_PHASE_STRIP = NO;
				DEBUG_INFORMATION_FORMAT = dwarf;
				ENABLE_STRICT_OBJC_MSGSEND = YES;
				ENABLE_TESTABILITY = YES;
				GCC_C_LANGUAGE_STANDARD = gnu11;
				GCC_DYNAMIC_NO_PIC = NO;
				GCC_NO_COMMON_BLOCKS = YES;
				GCC_OPTIMIZATION_LEVEL = 0;
				GCC_PREPROCESSOR_DEFINITIONS = (
					"DEBUG=1",
					"$(inherited)",
				);
				GCC_WARN_64_TO_32_BIT_CONVERSION = YES;
				GCC_WARN_ABOUT_RETURN_TYPE = YES_ERROR;
				GCC_WARN_UNDECLARED_SELECTOR = YES;
				GCC_WARN_UNINITIALIZED_AUTOS = YES_AGGRESSIVE;
				GCC_WARN_UNUSED_FUNCTION = YES;
				GCC_WARN_UNUSED_VARIABLE = YES;
				IPHONEOS_DEPLOYMENT_TARGET = 11.2;
				MTL_ENABLE_DEBUG_INFO = YES;
				ONLY_ACTIVE_ARCH = YES;
				SDKROOT = iphoneos;
				SWIFT_ACTIVE_COMPILATION_CONDITIONS = DEBUG;
				SWIFT_OPTIMIZATION_LEVEL = "-Onone";
			};
			name = Debug;
		};
		84E1C575202C250900F6462F /* Release */ = {
			isa = XCBuildConfiguration;
			buildSettings = {
				ALWAYS_SEARCH_USER_PATHS = NO;
				CLANG_ANALYZER_NONNULL = YES;
				CLANG_ANALYZER_NUMBER_OBJECT_CONVERSION = YES_AGGRESSIVE;
				CLANG_CXX_LANGUAGE_STANDARD = "gnu++14";
				CLANG_CXX_LIBRARY = "libc++";
				CLANG_ENABLE_MODULES = YES;
				CLANG_ENABLE_OBJC_ARC = YES;
				CLANG_WARN_BLOCK_CAPTURE_AUTORELEASING = YES;
				CLANG_WARN_BOOL_CONVERSION = YES;
				CLANG_WARN_COMMA = YES;
				CLANG_WARN_CONSTANT_CONVERSION = YES;
				CLANG_WARN_DIRECT_OBJC_ISA_USAGE = YES_ERROR;
				CLANG_WARN_DOCUMENTATION_COMMENTS = YES;
				CLANG_WARN_EMPTY_BODY = YES;
				CLANG_WARN_ENUM_CONVERSION = YES;
				CLANG_WARN_INFINITE_RECURSION = YES;
				CLANG_WARN_INT_CONVERSION = YES;
				CLANG_WARN_NON_LITERAL_NULL_CONVERSION = YES;
				CLANG_WARN_OBJC_LITERAL_CONVERSION = YES;
				CLANG_WARN_OBJC_ROOT_CLASS = YES_ERROR;
				CLANG_WARN_RANGE_LOOP_ANALYSIS = YES;
				CLANG_WARN_STRICT_PROTOTYPES = YES;
				CLANG_WARN_SUSPICIOUS_MOVE = YES;
				CLANG_WARN_UNGUARDED_AVAILABILITY = YES_AGGRESSIVE;
				CLANG_WARN_UNREACHABLE_CODE = YES;
				CLANG_WARN__DUPLICATE_METHOD_MATCH = YES;
				CODE_SIGN_IDENTITY = "iPhone Developer";
				COPY_PHASE_STRIP = NO;
				DEBUG_INFORMATION_FORMAT = "dwarf-with-dsym";
				ENABLE_NS_ASSERTIONS = NO;
				ENABLE_STRICT_OBJC_MSGSEND = YES;
				GCC_C_LANGUAGE_STANDARD = gnu11;
				GCC_NO_COMMON_BLOCKS = YES;
				GCC_WARN_64_TO_32_BIT_CONVERSION = YES;
				GCC_WARN_ABOUT_RETURN_TYPE = YES_ERROR;
				GCC_WARN_UNDECLARED_SELECTOR = YES;
				GCC_WARN_UNINITIALIZED_AUTOS = YES_AGGRESSIVE;
				GCC_WARN_UNUSED_FUNCTION = YES;
				GCC_WARN_UNUSED_VARIABLE = YES;
				IPHONEOS_DEPLOYMENT_TARGET = 11.2;
				MTL_ENABLE_DEBUG_INFO = NO;
				SDKROOT = iphoneos;
				SWIFT_OPTIMIZATION_LEVEL = "-Owholemodule";
				VALIDATE_PRODUCT = YES;
			};
			name = Release;
		};
		84E1C577202C250900F6462F /* Debug */ = {
			isa = XCBuildConfiguration;
			buildSettings = {
				ASSETCATALOG_COMPILER_APPICON_NAME = AppIcon;
				CODE_SIGN_STYLE = Automatic;
				INFOPLIST_FILE = ScrollView1.0/Info.plist;
				LD_RUNPATH_SEARCH_PATHS = "$(inherited) @executable_path/Frameworks";
				PRODUCT_BUNDLE_IDENTIFIER = "jackpot.ScrollView1-0";
				PRODUCT_NAME = "$(TARGET_NAME)";
				SWIFT_VERSION = 4.0;
				TARGETED_DEVICE_FAMILY = "1,2";
			};
			name = Debug;
		};
		84E1C578202C250900F6462F /* Release */ = {
			isa = XCBuildConfiguration;
			buildSettings = {
				ASSETCATALOG_COMPILER_APPICON_NAME = AppIcon;
				CODE_SIGN_STYLE = Automatic;
				INFOPLIST_FILE = ScrollView1.0/Info.plist;
				LD_RUNPATH_SEARCH_PATHS = "$(inherited) @executable_path/Frameworks";
				PRODUCT_BUNDLE_IDENTIFIER = "jackpot.ScrollView1-0";
				PRODUCT_NAME = "$(TARGET_NAME)";
				SWIFT_VERSION = 4.0;
				TARGETED_DEVICE_FAMILY = "1,2";
			};
			name = Release;
		};
		84E1C57A202C250900F6462F /* Debug */ = {
			isa = XCBuildConfiguration;
			buildSettings = {
				ALWAYS_EMBED_SWIFT_STANDARD_LIBRARIES = YES;
				BUNDLE_LOADER = "$(TEST_HOST)";
				CODE_SIGN_STYLE = Automatic;
				INFOPLIST_FILE = ScrollView1.0Tests/Info.plist;
				LD_RUNPATH_SEARCH_PATHS = "$(inherited) @executable_path/Frameworks @loader_path/Frameworks";
				PRODUCT_BUNDLE_IDENTIFIER = "jackpot.ScrollView1-0Tests";
				PRODUCT_NAME = "$(TARGET_NAME)";
				SWIFT_VERSION = 4.0;
				TARGETED_DEVICE_FAMILY = "1,2";
				TEST_HOST = "$(BUILT_PRODUCTS_DIR)/ScrollView1.0.app/ScrollView1.0";
			};
			name = Debug;
		};
		84E1C57B202C250900F6462F /* Release */ = {
			isa = XCBuildConfiguration;
			buildSettings = {
				ALWAYS_EMBED_SWIFT_STANDARD_LIBRARIES = YES;
				BUNDLE_LOADER = "$(TEST_HOST)";
				CODE_SIGN_STYLE = Automatic;
				INFOPLIST_FILE = ScrollView1.0Tests/Info.plist;
				LD_RUNPATH_SEARCH_PATHS = "$(inherited) @executable_path/Frameworks @loader_path/Frameworks";
				PRODUCT_BUNDLE_IDENTIFIER = "jackpot.ScrollView1-0Tests";
				PRODUCT_NAME = "$(TARGET_NAME)";
				SWIFT_VERSION = 4.0;
				TARGETED_DEVICE_FAMILY = "1,2";
				TEST_HOST = "$(BUILT_PRODUCTS_DIR)/ScrollView1.0.app/ScrollView1.0";
			};
			name = Release;
		};
/* End XCBuildConfiguration section */

/* Begin XCConfigurationList section */
		84E1C554202C250900F6462F /* Build configuration list for PBXProject "ScrollView1.0" */ = {
			isa = XCConfigurationList;
			buildConfigurations = (
				84E1C574202C250900F6462F /* Debug */,
				84E1C575202C250900F6462F /* Release */,
			);
			defaultConfigurationIsVisible = 0;
			defaultConfigurationName = Release;
		};
		84E1C576202C250900F6462F /* Build configuration list for PBXNativeTarget "ScrollView1.0" */ = {
			isa = XCConfigurationList;
			buildConfigurations = (
				84E1C577202C250900F6462F /* Debug */,
				84E1C578202C250900F6462F /* Release */,
			);
			defaultConfigurationIsVisible = 0;
			defaultConfigurationName = Release;
		};
		84E1C579202C250900F6462F /* Build configuration list for PBXNativeTarget "ScrollView1.0Tests" */ = {
			isa = XCConfigurationList;
			buildConfigurations = (
				84E1C57A202C250900F6462F /* Debug */,
				84E1C57B202C250900F6462F /* Release */,
			);
			defaultConfigurationIsVisible = 0;
			defaultConfigurationName = Release;
		};
/* End XCConfigurationList section */
	};
	rootObject = 84E1C551202C250900F6462F /* Project object */;
}
